<?xml version="1.0" encoding="utf-8"?>
<Project ToolsVersion="4.0" xmlns="http://schemas.microsoft.com/developer/msbuild/2003">
  <ItemGroup>
    <ClCompile Include="SsdApi.h">
      <Filter>헤더 파일</Filter>
    </ClCompile>
    <ClCompile Include="TestShell.cpp">
      <Filter>소스 파일</Filter>
    </ClCompile>
    <ClCompile Include="main.cpp">
      <Filter>소스 파일</Filter>
    </ClCompile>
    <ClCompile Include="Ssd.cpp">
      <Filter>소스 파일</Filter>
    </ClCompile>
    <ClCompile Include="TestScript.cpp">
      <Filter>소스 파일</Filter>
    </ClCompile>
    <ClCompile Include="Logger.cpp">
      <Filter>소스 파일</Filter>
    </ClCompile>
    <ClCompile Include="Runner.cpp">
      <Filter>소스 파일</Filter>
    </ClCompile>
    <ClCompile Include="Command\CommandFactory.cpp">
      <Filter>소스 파일\Command</Filter>
    </ClCompile>
    <ClCompile Include="Command\ExitCommand.cpp">
      <Filter>소스 파일\Command</Filter>
    </ClCompile>
    <ClCompile Include="Command\FullReadCommand.cpp">
      <Filter>소스 파일\Command</Filter>
    </ClCompile>
    <ClCompile Include="Command\FullWriteCommand.cpp">
      <Filter>소스 파일\Command</Filter>
    </ClCompile>
    <ClCompile Include="Command\HelpCommand.cpp">
      <Filter>소스 파일\Command</Filter>
    </ClCompile>
    <ClCompile Include="Command\IoCommand.cpp">
      <Filter>소스 파일\Command</Filter>
    </ClCompile>
    <ClCompile Include="Command\ReadCommand.cpp">
      <Filter>소스 파일\Command</Filter>
    </ClCompile>
    <ClCompile Include="Command\WriteCommand.cpp">
      <Filter>소스 파일\Command</Filter>
    </ClCompile>
    <ClCompile Include="Command\EraseCommand.cpp">
      <Filter>소스 파일\Command</Filter>
    </ClCompile>
    <ClCompile Include="Command\EraseRangeCommand.cpp">
      <Filter>소스 파일\Command</Filter>
    </ClCompile>
    <ClCompile Include="Command\FlushCommand.cpp">
      <Filter>소스 파일\Command</Filter>
    </ClCompile>
    <ClCompile Include="TestScenario\TestApp1.cpp">
      <Filter>소스 파일\TestScenario</Filter>
    </ClCompile>
    <ClCompile Include="TestScenario\TestScenario.cpp">
      <Filter>소스 파일\TestScenario</Filter>
    </ClCompile>
    <ClCompile Include="TestScenario\TestApp2.cpp">
      <Filter>소스 파일\TestScenario</Filter>
    </ClCompile>
    <ClCompile Include="TestScenario\Write10AndCompare.cpp">
      <Filter>소스 파일\TestScenario</Filter>
    </ClCompile>
    <ClCompile Include="TestScenario\Read10AndCompare.cpp">
      <Filter>소스 파일\TestScenario</Filter>
    </ClCompile>
    <ClCompile Include="Printer.h">
      <Filter>헤더 파일</Filter>
    </ClCompile>
    <ClCompile Include="Printer.cpp">
      <Filter>소스 파일</Filter>
    </ClCompile>
  </ItemGroup>
  <ItemGroup>
    <ClInclude Include="TestShell.h">
      <Filter>헤더 파일</Filter>
    </ClInclude>
    <ClInclude Include="Ssd.h">
      <Filter>헤더 파일</Filter>
    </ClInclude>
    <ClInclude Include="TestScript.h">
      <Filter>헤더 파일</Filter>
    </ClInclude>
    <ClInclude Include="Logger.h">
      <Filter>헤더 파일</Filter>
    </ClInclude>
    <ClInclude Include="Runner.h">
      <Filter>헤더 파일</Filter>
    </ClInclude>
    <ClInclude Include="Command\CommandFactory.h">
      <Filter>헤더 파일\Command</Filter>
    </ClInclude>
    <ClInclude Include="Command\ExitCommand.h">
      <Filter>헤더 파일\Command</Filter>
    </ClInclude>
    <ClInclude Include="Command\FullReadCommand.h">
      <Filter>헤더 파일\Command</Filter>
    </ClInclude>
    <ClInclude Include="Command\FullWriteCommand.h">
      <Filter>헤더 파일\Command</Filter>
    </ClInclude>
    <ClInclude Include="Command\HelpCommand.h">
      <Filter>헤더 파일\Command</Filter>
    </ClInclude>
    <ClInclude Include="Command\ICommand.h">
      <Filter>헤더 파일\Command</Filter>
    </ClInclude>
    <ClInclude Include="Command\IoCommand.h">
      <Filter>헤더 파일\Command</Filter>
    </ClInclude>
    <ClInclude Include="Command\ReadCommand.h">
      <Filter>헤더 파일\Command</Filter>
    </ClInclude>
    <ClInclude Include="Command\WriteCommand.h">
      <Filter>헤더 파일\Command</Filter>
    </ClInclude>
    <ClInclude Include="Command\EraseCommand.h">
      <Filter>헤더 파일\Command</Filter>
    </ClInclude>
    <ClInclude Include="Command\EraseRangeCommand.h">
      <Filter>헤더 파일\Command</Filter>
    </ClInclude>
    <ClInclude Include="Command\FlushCommand.h">
      <Filter>헤더 파일\Command</Filter>
    </ClInclude>
    <ClInclude Include="TestScenario\TestScenario.h">
      <Filter>헤더 파일\TestScenario</Filter>
    </ClInclude>
    <ClInclude Include="TestScenario\TestApp1.h">
      <Filter>헤더 파일\TestScenario</Filter>
    </ClInclude>
    <ClInclude Include="TestScenario\TestApp2.h">
      <Filter>헤더 파일\TestScenario</Filter>
    </ClInclude>
    <ClInclude Include="TestScenario\Write10AndCompare.h">
      <Filter>헤더 파일\TestScenario</Filter>
    </ClInclude>
    <ClInclude Include="TestScenario\Read10AndCompare.h">
      <Filter>헤더 파일\TestScenario</Filter>
    </ClInclude>
  </ItemGroup>
  <ItemGroup>
    <Filter Include="헤더 파일">
      <UniqueIdentifier>{2305213e-8b8a-4ffc-a6d4-ec409838c70d}</UniqueIdentifier>
    </Filter>
    <Filter Include="리소스 파일">
      <UniqueIdentifier>{a6bfac2e-dbe8-45ab-b579-6b412eb18864}</UniqueIdentifier>
    </Filter>
    <Filter Include="소스 파일">
      <UniqueIdentifier>{158d0289-eda1-4117-8bb7-ffbdade5608a}</UniqueIdentifier>
    </Filter>
    <Filter Include="소스 파일\Command">
      <UniqueIdentifier>{7e3c926b-ada2-4524-b8f0-d7bd9caf402a}</UniqueIdentifier>
    </Filter>
    <Filter Include="헤더 파일\Command">
      <UniqueIdentifier>{8ee06c5c-d0d7-492f-9f4f-898d6d316f62}</UniqueIdentifier>
    </Filter>
    <Filter Include="소스 파일\TestScenario">
      <UniqueIdentifier>{3941ec56-5c0e-4666-94db-da61232a1876}</UniqueIdentifier>
    </Filter>
    <Filter Include="헤더 파일\TestScenario">
      <UniqueIdentifier>{1d96a87b-33a6-4cc5-9d7c-bb16b780ebda}</UniqueIdentifier>
    </Filter>
  </ItemGroup>
</Project>