<?xml version="1.0" encoding="utf-8"?>
<Project ToolsVersion="4.0" xmlns="http://schemas.microsoft.com/developer/msbuild/2003">
  <ItemGroup>
    <ClCompile Include="SsdApi.h">
      <Filter>헤더 파일</Filter>
    </ClCompile>
    <ClCompile Include="TestShell.cpp">
      <Filter>소스 파일</Filter>
    </ClCompile>
    <ClCompile Include="main.cpp">
      <Filter>소스 파일</Filter>
    </ClCompile>
  </ItemGroup>
  <ItemGroup>
    <ClInclude Include="ShellException.h">
      <Filter>헤더 파일</Filter>
    </ClInclude>
    <ClInclude Include="TestShell.h">
      <Filter>헤더 파일</Filter>
    </ClInclude>
  </ItemGroup>
  <ItemGroup>
    <Filter Include="헤더 파일">
      <UniqueIdentifier>{2305213e-8b8a-4ffc-a6d4-ec409838c70d}</UniqueIdentifier>
    </Filter>
    <Filter Include="리소스 파일">
      <UniqueIdentifier>{a6bfac2e-dbe8-45ab-b579-6b412eb18864}</UniqueIdentifier>
    </Filter>
    <Filter Include="소스 파일">
      <UniqueIdentifier>{158d0289-eda1-4117-8bb7-ffbdade5608a}</UniqueIdentifier>
    </Filter>
  </ItemGroup>
  <ItemGroup>
    <Text Include="result.txt">
      <Filter>리소스 파일</Filter>
    </Text>
  </ItemGroup>
</Project>